
Microsoft Visual Studio Solution File, Format Version 11.00
# Visual Studio 2010
Project("{FAE04EC0-301F-11D3-BF4B-00C04F79EFBC}") = "Sahartarin", "Sahartarin\Sahartarin.csproj", "{609DE691-3E65-4649-AEB4-00D17DBCBBFD}"
EndProject
Project("{FAE04EC0-301F-11D3-BF4B-00C04F79EFBC}") = "Sahartarin.Tests", "Sahartarin.Tests\Sahartarin.Tests.csproj", "{9B9EA98F-C1C6-4296-9671-377E9D330C17}"
EndProject
Global
	GlobalSection(SolutionConfigurationPlatforms) = preSolution
		Debug|Any CPU = Debug|Any CPU
		Release|Any CPU = Release|Any CPU
	EndGlobalSection
	GlobalSection(ProjectConfigurationPlatforms) = postSolution
		{609DE691-3E65-4649-AEB4-00D17DBCBBFD}.Debug|Any CPU.ActiveCfg = Debug|Any CPU
		{609DE691-3E65-4649-AEB4-00D17DBCBBFD}.Debug|Any CPU.Build.0 = Debug|Any CPU
		{609DE691-3E65-4649-AEB4-00D17DBCBBFD}.Release|Any CPU.ActiveCfg = Release|Any CPU
		{609DE691-3E65-4649-AEB4-00D17DBCBBFD}.Release|Any CPU.Build.0 = Release|Any CPU
		{9B9EA98F-C1C6-4296-9671-377E9D330C17}.Debug|Any CPU.ActiveCfg = Debug|Any CPU
		{9B9EA98F-C1C6-4296-9671-377E9D330C17}.Debug|Any CPU.Build.0 = Debug|Any CPU
		{9B9EA98F-C1C6-4296-9671-377E9D330C17}.Release|Any CPU.ActiveCfg = Release|Any CPU
		{9B9EA98F-C1C6-4296-9671-377E9D330C17}.Release|Any CPU.Build.0 = Release|Any CPU
	EndGlobalSection
	GlobalSection(SolutionProperties) = preSolution
		HideSolutionNode = FALSE
	EndGlobalSection
EndGlobal
